
Microsoft Visual Studio Solution File, Format Version 12.00
# Visual Studio 2012
Project("{FAE04EC0-301F-11D3-BF4B-00C04F79EFBC}") = "TwitterRestAPITest", "TwitterRestAPITest.csproj", "{5F555ABC-7028-476C-A849-C440FA6F7F7F}"
EndProject
Global
	GlobalSection(SolutionConfigurationPlatforms) = preSolution
		Debug|Any CPU = Debug|Any CPU
		Release|Any CPU = Release|Any CPU
	EndGlobalSection
	GlobalSection(ProjectConfigurationPlatforms) = postSolution
		{5F555ABC-7028-476C-A849-C440FA6F7F7F}.Debug|Any CPU.ActiveCfg = Debug|Any CPU
		{5F555ABC-7028-476C-A849-C440FA6F7F7F}.Debug|Any CPU.Build.0 = Debug|Any CPU
		{5F555ABC-7028-476C-A849-C440FA6F7F7F}.Release|Any CPU.ActiveCfg = Release|Any CPU
		{5F555ABC-7028-476C-A849-C440FA6F7F7F}.Release|Any CPU.Build.0 = Release|Any CPU
	EndGlobalSection
	GlobalSection(SolutionProperties) = preSolution
		HideSolutionNode = FALSE
	EndGlobalSection
EndGlobal
